
Microsoft Visual Studio Solution File, Format Version 12.00
# Visual Studio Version 17
VisualStudioVersion = 17.14.36518.9
MinimumVisualStudioVersion = 10.0.40219.1
Project("{FAE04EC0-301F-11D3-BF4B-00C04F79EFBC}") = "MarketScanner.UI.Wpf", "MarketScanner.UI.Wpf2\MarketScanner.UI.Wpf.csproj", "{5CC09A9B-4C3E-4F77-B81B-E15DB4A63299}"
EndProject
Global
	GlobalSection(SolutionConfigurationPlatforms) = preSolution
		Debug|Any CPU = Debug|Any CPU
		Release|Any CPU = Release|Any CPU
	EndGlobalSection
	GlobalSection(ProjectConfigurationPlatforms) = postSolution
		{5CC09A9B-4C3E-4F77-B81B-E15DB4A63299}.Debug|Any CPU.ActiveCfg = Debug|Any CPU
		{5CC09A9B-4C3E-4F77-B81B-E15DB4A63299}.Debug|Any CPU.Build.0 = Debug|Any CPU
		{5CC09A9B-4C3E-4F77-B81B-E15DB4A63299}.Release|Any CPU.ActiveCfg = Release|Any CPU
		{5CC09A9B-4C3E-4F77-B81B-E15DB4A63299}.Release|Any CPU.Build.0 = Release|Any CPU
	EndGlobalSection
	GlobalSection(SolutionProperties) = preSolution
		HideSolutionNode = FALSE
	EndGlobalSection
	GlobalSection(ExtensibilityGlobals) = postSolution
		SolutionGuid = {A6A1A4A1-28DB-44D8-9D4E-4BC01CD9C724}
	EndGlobalSection
EndGlobal
